%{
  "dep_from_hexpm": {:hex, :dep_from_hexpm, "0.3.0", "e820a753364b715e84457836317107c340d3bdcaa21b469272da79f29ef5f5cb", [:mix], [], "hexpm", "55b0c9db6c5666a4358e1d8e799f43f3fa091ef036dc0d09bf5ee9f091f07b6d"},
  "jason": {:hex, :jason, "1.4.0", "e855647bc964a44e2f67df589ccf49105ae039d4179db7f6271dfd3843dc27e6", [:mix], [{:decimal, "~> 1.0 or ~> 2.0", [hex: :decimal, repo: "hexpm", optional: true]}], "hexpm", "79a3791085b2a0f743ca04cec0f7be26443738779d09302e01318f97bdb82121"},
}
